
Microsoft Visual Studio Solution File, Format Version 12.00
# Visual Studio Version 17
VisualStudioVersion = 17.8.34330.188
MinimumVisualStudioVersion = 10.0.40219.1
Project("{FAE04EC0-301F-11D3-BF4B-00C04F79EFBC}") = "OrderManagement", "OrderManagement\OrderManagement.csproj", "{2B308FD3-10AC-4222-A0FE-D613CC2B9E9F}"
EndProject
Global
	GlobalSection(SolutionConfigurationPlatforms) = preSolution
		Debug|Any CPU = Debug|Any CPU
		Release|Any CPU = Release|Any CPU
	EndGlobalSection
	GlobalSection(ProjectConfigurationPlatforms) = postSolution
		{2B308FD3-10AC-4222-A0FE-D613CC2B9E9F}.Debug|Any CPU.ActiveCfg = Debug|Any CPU
		{2B308FD3-10AC-4222-A0FE-D613CC2B9E9F}.Debug|Any CPU.Build.0 = Debug|Any CPU
		{2B308FD3-10AC-4222-A0FE-D613CC2B9E9F}.Release|Any CPU.ActiveCfg = Release|Any CPU
		{2B308FD3-10AC-4222-A0FE-D613CC2B9E9F}.Release|Any CPU.Build.0 = Release|Any CPU
	EndGlobalSection
	GlobalSection(SolutionProperties) = preSolution
		HideSolutionNode = FALSE
	EndGlobalSection
	GlobalSection(ExtensibilityGlobals) = postSolution
		SolutionGuid = {B63CF436-CB14-439A-91BF-A937287BB70A}
	EndGlobalSection
EndGlobal
