
Microsoft Visual Studio Solution File, Format Version 12.00
# Visual Studio Version 17
VisualStudioVersion = 17.8.34330.188
MinimumVisualStudioVersion = 10.0.40219.1
Project("{FAE04EC0-301F-11D3-BF4B-00C04F79EFBC}") = "Shape", "Shape\Shape.csproj", "{8EF60D56-175D-4510-B31B-699D5F9F074E}"
EndProject
Global
	GlobalSection(SolutionConfigurationPlatforms) = preSolution
		Debug|Any CPU = Debug|Any CPU
		Release|Any CPU = Release|Any CPU
	EndGlobalSection
	GlobalSection(ProjectConfigurationPlatforms) = postSolution
		{8EF60D56-175D-4510-B31B-699D5F9F074E}.Debug|Any CPU.ActiveCfg = Debug|Any CPU
		{8EF60D56-175D-4510-B31B-699D5F9F074E}.Debug|Any CPU.Build.0 = Debug|Any CPU
		{8EF60D56-175D-4510-B31B-699D5F9F074E}.Release|Any CPU.ActiveCfg = Release|Any CPU
		{8EF60D56-175D-4510-B31B-699D5F9F074E}.Release|Any CPU.Build.0 = Release|Any CPU
	EndGlobalSection
	GlobalSection(SolutionProperties) = preSolution
		HideSolutionNode = FALSE
	EndGlobalSection
	GlobalSection(ExtensibilityGlobals) = postSolution
		SolutionGuid = {063DEDEB-17A0-4917-A43E-25663A573FDD}
	EndGlobalSection
EndGlobal
